
Microsoft Visual Studio Solution File, Format Version 12.00
# Visual Studio Version 16
VisualStudioVersion = 16.0.31729.503
MinimumVisualStudioVersion = 10.0.40219.1
Project("{FAE04EC0-301F-11D3-BF4B-00C04F79EFBC}") = "Ciklai-ND2", "Ciklai-ND2\Ciklai-ND2.csproj", "{AE1570EC-9CE3-4723-B114-3E5D90CFD2B6}"
EndProject
Global
	GlobalSection(SolutionConfigurationPlatforms) = preSolution
		Debug|Any CPU = Debug|Any CPU
		Release|Any CPU = Release|Any CPU
	EndGlobalSection
	GlobalSection(ProjectConfigurationPlatforms) = postSolution
		{AE1570EC-9CE3-4723-B114-3E5D90CFD2B6}.Debug|Any CPU.ActiveCfg = Debug|Any CPU
		{AE1570EC-9CE3-4723-B114-3E5D90CFD2B6}.Debug|Any CPU.Build.0 = Debug|Any CPU
		{AE1570EC-9CE3-4723-B114-3E5D90CFD2B6}.Release|Any CPU.ActiveCfg = Release|Any CPU
		{AE1570EC-9CE3-4723-B114-3E5D90CFD2B6}.Release|Any CPU.Build.0 = Release|Any CPU
	EndGlobalSection
	GlobalSection(SolutionProperties) = preSolution
		HideSolutionNode = FALSE
	EndGlobalSection
	GlobalSection(ExtensibilityGlobals) = postSolution
		SolutionGuid = {386B9BC6-F9E8-4301-8116-947C2ED2A6D1}
	EndGlobalSection
EndGlobal
